// !$*UTF8*$!
{
	archiveVersion = 1;
	classes = {
	};
	objectVersion = 56;
	objects = {

/* Begin PBXBuildFile section */
		49B6B0622C3D64F30031126A /* SlotMachineSwiftUIApp.swift in Sources */ = {isa = PBXBuildFile; fileRef = 49B6B0612C3D64F30031126A /* SlotMachineSwiftUIApp.swift */; };
		49B6B0642C3D64F30031126A /* ContentView.swift in Sources */ = {isa = PBXBuildFile; fileRef = 49B6B0632C3D64F30031126A /* ContentView.swift */; };
		49B6B0662C3D64F40031126A /* Assets.xcassets in Resources */ = {isa = PBXBuildFile; fileRef = 49B6B0652C3D64F40031126A /* Assets.xcassets */; };
		49B6B0692C3D64F40031126A /* Preview Assets.xcassets in Resources */ = {isa = PBXBuildFile; fileRef = 49B6B0682C3D64F40031126A /* Preview Assets.xcassets */; };
		49B6B0772C3D6D2E0031126A /* casino-chips.mp3 in Resources */ = {isa = PBXBuildFile; fileRef = 49B6B06F2C3D6D2D0031126A /* casino-chips.mp3 */; };
		49B6B0782C3D6D2E0031126A /* background-music.mp3 in Resources */ = {isa = PBXBuildFile; fileRef = 49B6B0702C3D6D2D0031126A /* background-music.mp3 */; };
		49B6B0792C3D6D2E0031126A /* win.mp3 in Resources */ = {isa = PBXBuildFile; fileRef = 49B6B0712C3D6D2D0031126A /* win.mp3 */; };
		49B6B07A2C3D6D2E0031126A /* game-over.mp3 in Resources */ = {isa = PBXBuildFile; fileRef = 49B6B0722C3D6D2D0031126A /* game-over.mp3 */; };
		49B6B07B2C3D6D2E0031126A /* riseup.mp3 in Resources */ = {isa = PBXBuildFile; fileRef = 49B6B0732C3D6D2E0031126A /* riseup.mp3 */; };
		49B6B07C2C3D6D2E0031126A /* spin.mp3 in Resources */ = {isa = PBXBuildFile; fileRef = 49B6B0742C3D6D2E0031126A /* spin.mp3 */; };
		49B6B07D2C3D6D2E0031126A /* high-score.mp3 in Resources */ = {isa = PBXBuildFile; fileRef = 49B6B0752C3D6D2E0031126A /* high-score.mp3 */; };
		49B6B07E2C3D6D2E0031126A /* chimeup.mp3 in Resources */ = {isa = PBXBuildFile; fileRef = 49B6B0762C3D6D2E0031126A /* chimeup.mp3 */; };
		49B6B0842C3D6F480031126A /* Constants.swift in Sources */ = {isa = PBXBuildFile; fileRef = 49B6B0832C3D6F480031126A /* Constants.swift */; };
		49B6B0862C3D70880031126A /* LogoView.swift in Sources */ = {isa = PBXBuildFile; fileRef = 49B6B0852C3D70880031126A /* LogoView.swift */; };
		49B6B0882C3D70AE0031126A /* Modifiers.swift in Sources */ = {isa = PBXBuildFile; fileRef = 49B6B0872C3D70AE0031126A /* Modifiers.swift */; };
		49B6B08A2C3D74AE0031126A /* Extensions.swift in Sources */ = {isa = PBXBuildFile; fileRef = 49B6B0892C3D74AE0031126A /* Extensions.swift */; };
		49B6B08C2C3D7E990031126A /* ReelView.swift in Sources */ = {isa = PBXBuildFile; fileRef = 49B6B08B2C3D7E990031126A /* ReelView.swift */; };
/* End PBXBuildFile section */

/* Begin PBXFileReference section */
		49B6B05E2C3D64F30031126A /* SlotMachineSwiftUI.app */ = {isa = PBXFileReference; explicitFileType = wrapper.application; includeInIndex = 0; path = SlotMachineSwiftUI.app; sourceTree = BUILT_PRODUCTS_DIR; };
		49B6B0612C3D64F30031126A /* SlotMachineSwiftUIApp.swift */ = {isa = PBXFileReference; lastKnownFileType = sourcecode.swift; path = SlotMachineSwiftUIApp.swift; sourceTree = "<group>"; };
		49B6B0632C3D64F30031126A /* ContentView.swift */ = {isa = PBXFileReference; lastKnownFileType = sourcecode.swift; path = ContentView.swift; sourceTree = "<group>"; };
		49B6B0652C3D64F40031126A /* Assets.xcassets */ = {isa = PBXFileReference; lastKnownFileType = folder.assetcatalog; path = Assets.xcassets; sourceTree = "<group>"; };
		49B6B0682C3D64F40031126A /* Preview Assets.xcassets */ = {isa = PBXFileReference; lastKnownFileType = folder.assetcatalog; path = "Preview Assets.xcassets"; sourceTree = "<group>"; };
		49B6B06F2C3D6D2D0031126A /* casino-chips.mp3 */ = {isa = PBXFileReference; lastKnownFileType = audio.mp3; path = "casino-chips.mp3"; sourceTree = "<group>"; };
		49B6B0702C3D6D2D0031126A /* background-music.mp3 */ = {isa = PBXFileReference; lastKnownFileType = audio.mp3; path = "background-music.mp3"; sourceTree = "<group>"; };
		49B6B0712C3D6D2D0031126A /* win.mp3 */ = {isa = PBXFileReference; lastKnownFileType = audio.mp3; path = win.mp3; sourceTree = "<group>"; };
		49B6B0722C3D6D2D0031126A /* game-over.mp3 */ = {isa = PBXFileReference; lastKnownFileType = audio.mp3; path = "game-over.mp3"; sourceTree = "<group>"; };
		49B6B0732C3D6D2E0031126A /* riseup.mp3 */ = {isa = PBXFileReference; lastKnownFileType = audio.mp3; path = riseup.mp3; sourceTree = "<group>"; };
		49B6B0742C3D6D2E0031126A /* spin.mp3 */ = {isa = PBXFileReference; lastKnownFileType = audio.mp3; path = spin.mp3; sourceTree = "<group>"; };
		49B6B0752C3D6D2E0031126A /* high-score.mp3 */ = {isa = PBXFileReference; lastKnownFileType = audio.mp3; path = "high-score.mp3"; sourceTree = "<group>"; };
		49B6B0762C3D6D2E0031126A /* chimeup.mp3 */ = {isa = PBXFileReference; lastKnownFileType = audio.mp3; path = chimeup.mp3; sourceTree = "<group>"; };
		49B6B0822C3D6D5D0031126A /* Info.plist */ = {isa = PBXFileReference; lastKnownFileType = text.plist; path = Info.plist; sourceTree = "<group>"; };
		49B6B0832C3D6F480031126A /* Constants.swift */ = {isa = PBXFileReference; lastKnownFileType = sourcecode.swift; path = Constants.swift; sourceTree = "<group>"; };
		49B6B0852C3D70880031126A /* LogoView.swift */ = {isa = PBXFileReference; lastKnownFileType = sourcecode.swift; path = LogoView.swift; sourceTree = "<group>"; };
		49B6B0872C3D70AE0031126A /* Modifiers.swift */ = {isa = PBXFileReference; lastKnownFileType = sourcecode.swift; path = Modifiers.swift; sourceTree = "<group>"; };
		49B6B0892C3D74AE0031126A /* Extensions.swift */ = {isa = PBXFileReference; lastKnownFileType = sourcecode.swift; path = Extensions.swift; sourceTree = "<group>"; };
		49B6B08B2C3D7E990031126A /* ReelView.swift */ = {isa = PBXFileReference; lastKnownFileType = sourcecode.swift; path = ReelView.swift; sourceTree = "<group>"; };
/* End PBXFileReference section */

/* Begin PBXFrameworksBuildPhase section */
		49B6B05B2C3D64F30031126A /* Frameworks */ = {
			isa = PBXFrameworksBuildPhase;
			buildActionMask = 2147483647;
			files = (
			);
			runOnlyForDeploymentPostprocessing = 0;
		};
/* End PBXFrameworksBuildPhase section */

/* Begin PBXGroup section */
		49B6B0552C3D64F30031126A = {
			isa = PBXGroup;
			children = (
				49B6B0602C3D64F30031126A /* SlotMachineSwiftUI */,
				49B6B05F2C3D64F30031126A /* Products */,
			);
			sourceTree = "<group>";
		};
		49B6B05F2C3D64F30031126A /* Products */ = {
			isa = PBXGroup;
			children = (
				49B6B05E2C3D64F30031126A /* SlotMachineSwiftUI.app */,
			);
			name = Products;
			sourceTree = "<group>";
		};
		49B6B0602C3D64F30031126A /* SlotMachineSwiftUI */ = {
			isa = PBXGroup;
			children = (
				49B6B0822C3D6D5D0031126A /* Info.plist */,
				49B6B0812C3D6D4B0031126A /* Helpers */,
				49B6B0612C3D64F30031126A /* SlotMachineSwiftUIApp.swift */,
				49B6B0802C3D6D450031126A /* View */,
				49B6B0652C3D64F40031126A /* Assets.xcassets */,
				49B6B07F2C3D6D3E0031126A /* Sounds */,
				49B6B0672C3D64F40031126A /* Preview Content */,
			);
			path = SlotMachineSwiftUI;
			sourceTree = "<group>";
		};
		49B6B0672C3D64F40031126A /* Preview Content */ = {
			isa = PBXGroup;
			children = (
				49B6B0682C3D64F40031126A /* Preview Assets.xcassets */,
			);
			path = "Preview Content";
			sourceTree = "<group>";
		};
		49B6B07F2C3D6D3E0031126A /* Sounds */ = {
			isa = PBXGroup;
			children = (
				49B6B0702C3D6D2D0031126A /* background-music.mp3 */,
				49B6B06F2C3D6D2D0031126A /* casino-chips.mp3 */,
				49B6B0762C3D6D2E0031126A /* chimeup.mp3 */,
				49B6B0722C3D6D2D0031126A /* game-over.mp3 */,
				49B6B0752C3D6D2E0031126A /* high-score.mp3 */,
				49B6B0732C3D6D2E0031126A /* riseup.mp3 */,
				49B6B0742C3D6D2E0031126A /* spin.mp3 */,
				49B6B0712C3D6D2D0031126A /* win.mp3 */,
			);
			path = Sounds;
			sourceTree = "<group>";
		};
		49B6B0802C3D6D450031126A /* View */ = {
			isa = PBXGroup;
			children = (
				49B6B0632C3D64F30031126A /* ContentView.swift */,
				49B6B0852C3D70880031126A /* LogoView.swift */,
				49B6B08B2C3D7E990031126A /* ReelView.swift */,
			);
			path = View;
			sourceTree = "<group>";
		};
		49B6B0812C3D6D4B0031126A /* Helpers */ = {
			isa = PBXGroup;
			children = (
				49B6B0832C3D6F480031126A /* Constants.swift */,
				49B6B0872C3D70AE0031126A /* Modifiers.swift */,
				49B6B0892C3D74AE0031126A /* Extensions.swift */,
			);
			path = Helpers;
			sourceTree = "<group>";
		};
/* End PBXGroup section */

/* Begin PBXNativeTarget section */
		49B6B05D2C3D64F30031126A /* SlotMachineSwiftUI */ = {
			isa = PBXNativeTarget;
			buildConfigurationList = 49B6B06C2C3D64F40031126A /* Build configuration list for PBXNativeTarget "SlotMachineSwiftUI" */;
			buildPhases = (
				49B6B05A2C3D64F30031126A /* Sources */,
				49B6B05B2C3D64F30031126A /* Frameworks */,
				49B6B05C2C3D64F30031126A /* Resources */,
			);
			buildRules = (
			);
			dependencies = (
			);
			name = SlotMachineSwiftUI;
			productName = SlotMachineSwiftUI;
			productReference = 49B6B05E2C3D64F30031126A /* SlotMachineSwiftUI.app */;
			productType = "com.apple.product-type.application";
		};
/* End PBXNativeTarget section */

/* Begin PBXProject section */
		49B6B0562C3D64F30031126A /* Project object */ = {
			isa = PBXProject;
			attributes = {
				BuildIndependentTargetsInParallel = 1;
				LastSwiftUpdateCheck = 1540;
				LastUpgradeCheck = 1540;
				TargetAttributes = {
					49B6B05D2C3D64F30031126A = {
						CreatedOnToolsVersion = 15.4;
					};
				};
			};
			buildConfigurationList = 49B6B0592C3D64F30031126A /* Build configuration list for PBXProject "SlotMachineSwiftUI" */;
			compatibilityVersion = "Xcode 14.0";
			developmentRegion = en;
			hasScannedForEncodings = 0;
			knownRegions = (
				en,
				Base,
			);
			mainGroup = 49B6B0552C3D64F30031126A;
			productRefGroup = 49B6B05F2C3D64F30031126A /* Products */;
			projectDirPath = "";
			projectRoot = "";
			targets = (
				49B6B05D2C3D64F30031126A /* SlotMachineSwiftUI */,
			);
		};
/* End PBXProject section */

/* Begin PBXResourcesBuildPhase section */
		49B6B05C2C3D64F30031126A /* Resources */ = {
			isa = PBXResourcesBuildPhase;
			buildActionMask = 2147483647;
			files = (
				49B6B07C2C3D6D2E0031126A /* spin.mp3 in Resources */,
				49B6B0792C3D6D2E0031126A /* win.mp3 in Resources */,
				49B6B0782C3D6D2E0031126A /* background-music.mp3 in Resources */,
				49B6B07B2C3D6D2E0031126A /* riseup.mp3 in Resources */,
				49B6B0692C3D64F40031126A /* Preview Assets.xcassets in Resources */,
				49B6B0662C3D64F40031126A /* Assets.xcassets in Resources */,
				49B6B07A2C3D6D2E0031126A /* game-over.mp3 in Resources */,
				49B6B0772C3D6D2E0031126A /* casino-chips.mp3 in Resources */,
				49B6B07E2C3D6D2E0031126A /* chimeup.mp3 in Resources */,
				49B6B07D2C3D6D2E0031126A /* high-score.mp3 in Resources */,
			);
			runOnlyForDeploymentPostprocessing = 0;
		};
/* End PBXResourcesBuildPhase section */

/* Begin PBXSourcesBuildPhase section */
		49B6B05A2C3D64F30031126A /* Sources */ = {
			isa = PBXSourcesBuildPhase;
			buildActionMask = 2147483647;
			files = (
				49B6B0642C3D64F30031126A /* ContentView.swift in Sources */,
				49B6B08A2C3D74AE0031126A /* Extensions.swift in Sources */,
				49B6B0862C3D70880031126A /* LogoView.swift in Sources */,
				49B6B0622C3D64F30031126A /* SlotMachineSwiftUIApp.swift in Sources */,
				49B6B08C2C3D7E990031126A /* ReelView.swift in Sources */,
				49B6B0842C3D6F480031126A /* Constants.swift in Sources */,
				49B6B0882C3D70AE0031126A /* Modifiers.swift in Sources */,
			);
			runOnlyForDeploymentPostprocessing = 0;
		};
/* End PBXSourcesBuildPhase section */

/* Begin XCBuildConfiguration section */
		49B6B06A2C3D64F40031126A /* Debug */ = {
			isa = XCBuildConfiguration;
			buildSettings = {
				ALWAYS_SEARCH_USER_PATHS = NO;
				ASSETCATALOG_COMPILER_GENERATE_SWIFT_ASSET_SYMBOL_EXTENSIONS = YES;
				CLANG_ANALYZER_NONNULL = YES;
				CLANG_ANALYZER_NUMBER_OBJECT_CONVERSION = YES_AGGRESSIVE;
				CLANG_CXX_LANGUAGE_STANDARD = "gnu++20";
				CLANG_ENABLE_MODULES = YES;
				CLANG_ENABLE_OBJC_ARC = YES;
				CLANG_ENABLE_OBJC_WEAK = YES;
				CLANG_WARN_BLOCK_CAPTURE_AUTORELEASING = YES;
				CLANG_WARN_BOOL_CONVERSION = YES;
				CLANG_WARN_COMMA = YES;
				CLANG_WARN_CONSTANT_CONVERSION = YES;
				CLANG_WARN_DEPRECATED_OBJC_IMPLEMENTATIONS = YES;
				CLANG_WARN_DIRECT_OBJC_ISA_USAGE = YES_ERROR;
				CLANG_WARN_DOCUMENTATION_COMMENTS = YES;
				CLANG_WARN_EMPTY_BODY = YES;
				CLANG_WARN_ENUM_CONVERSION = YES;
				CLANG_WARN_INFINITE_RECURSION = YES;
				CLANG_WARN_INT_CONVERSION = YES;
				CLANG_WARN_NON_LITERAL_NULL_CONVERSION = YES;
				CLANG_WARN_OBJC_IMPLICIT_RETAIN_SELF = YES;
				CLANG_WARN_OBJC_LITERAL_CONVERSION = YES;
				CLANG_WARN_OBJC_ROOT_CLASS = YES_ERROR;
				CLANG_WARN_QUOTED_INCLUDE_IN_FRAMEWORK_HEADER = YES;
				CLANG_WARN_RANGE_LOOP_ANALYSIS = YES;
				CLANG_WARN_STRICT_PROTOTYPES = YES;
				CLANG_WARN_SUSPICIOUS_MOVE = YES;
				CLANG_WARN_UNGUARDED_AVAILABILITY = YES_AGGRESSIVE;
				CLANG_WARN_UNREACHABLE_CODE = YES;
				CLANG_WARN__DUPLICATE_METHOD_MATCH = YES;
				COPY_PHASE_STRIP = NO;
				DEBUG_INFORMATION_FORMAT = dwarf;
				ENABLE_STRICT_OBJC_MSGSEND = YES;
				ENABLE_TESTABILITY = YES;
				ENABLE_USER_SCRIPT_SANDBOXING = YES;
				GCC_C_LANGUAGE_STANDARD = gnu17;
				GCC_DYNAMIC_NO_PIC = NO;
				GCC_NO_COMMON_BLOCKS = YES;
				GCC_OPTIMIZATION_LEVEL = 0;
				GCC_PREPROCESSOR_DEFINITIONS = (
					"DEBUG=1",
					"$(inherited)",
				);
				GCC_WARN_64_TO_32_BIT_CONVERSION = YES;
				GCC_WARN_ABOUT_RETURN_TYPE = YES_ERROR;
				GCC_WARN_UNDECLARED_SELECTOR = YES;
				GCC_WARN_UNINITIALIZED_AUTOS = YES_AGGRESSIVE;
				GCC_WARN_UNUSED_FUNCTION = YES;
				GCC_WARN_UNUSED_VARIABLE = YES;
				IPHONEOS_DEPLOYMENT_TARGET = 17.5;
				LOCALIZATION_PREFERS_STRING_CATALOGS = YES;
				MTL_ENABLE_DEBUG_INFO = INCLUDE_SOURCE;
				MTL_FAST_MATH = YES;
				ONLY_ACTIVE_ARCH = YES;
				SDKROOT = iphoneos;
				SWIFT_ACTIVE_COMPILATION_CONDITIONS = "DEBUG $(inherited)";
				SWIFT_OPTIMIZATION_LEVEL = "-Onone";
			};
			name = Debug;
		};
		49B6B06B2C3D64F40031126A /* Release */ = {
			isa = XCBuildConfiguration;
			buildSettings = {
				ALWAYS_SEARCH_USER_PATHS = NO;
				ASSETCATALOG_COMPILER_GENERATE_SWIFT_ASSET_SYMBOL_EXTENSIONS = YES;
				CLANG_ANALYZER_NONNULL = YES;
				CLANG_ANALYZER_NUMBER_OBJECT_CONVERSION = YES_AGGRESSIVE;
				CLANG_CXX_LANGUAGE_STANDARD = "gnu++20";
				CLANG_ENABLE_MODULES = YES;
				CLANG_ENABLE_OBJC_ARC = YES;
				CLANG_ENABLE_OBJC_WEAK = YES;
				CLANG_WARN_BLOCK_CAPTURE_AUTORELEASING = YES;
				CLANG_WARN_BOOL_CONVERSION = YES;
				CLANG_WARN_COMMA = YES;
				CLANG_WARN_CONSTANT_CONVERSION = YES;
				CLANG_WARN_DEPRECATED_OBJC_IMPLEMENTATIONS = YES;
				CLANG_WARN_DIRECT_OBJC_ISA_USAGE = YES_ERROR;
				CLANG_WARN_DOCUMENTATION_COMMENTS = YES;
				CLANG_WARN_EMPTY_BODY = YES;
				CLANG_WARN_ENUM_CONVERSION = YES;
				CLANG_WARN_INFINITE_RECURSION = YES;
				CLANG_WARN_INT_CONVERSION = YES;
				CLANG_WARN_NON_LITERAL_NULL_CONVERSION = YES;
				CLANG_WARN_OBJC_IMPLICIT_RETAIN_SELF = YES;
				CLANG_WARN_OBJC_LITERAL_CONVERSION = YES;
				CLANG_WARN_OBJC_ROOT_CLASS = YES_ERROR;
				CLANG_WARN_QUOTED_INCLUDE_IN_FRAMEWORK_HEADER = YES;
				CLANG_WARN_RANGE_LOOP_ANALYSIS = YES;
				CLANG_WARN_STRICT_PROTOTYPES = YES;
				CLANG_WARN_SUSPICIOUS_MOVE = YES;
				CLANG_WARN_UNGUARDED_AVAILABILITY = YES_AGGRESSIVE;
				CLANG_WARN_UNREACHABLE_CODE = YES;
				CLANG_WARN__DUPLICATE_METHOD_MATCH = YES;
				COPY_PHASE_STRIP = NO;
				DEBUG_INFORMATION_FORMAT = "dwarf-with-dsym";
				ENABLE_NS_ASSERTIONS = NO;
				ENABLE_STRICT_OBJC_MSGSEND = YES;
				ENABLE_USER_SCRIPT_SANDBOXING = YES;
				GCC_C_LANGUAGE_STANDARD = gnu17;
				GCC_NO_COMMON_BLOCKS = YES;
				GCC_WARN_64_TO_32_BIT_CONVERSION = YES;
				GCC_WARN_ABOUT_RETURN_TYPE = YES_ERROR;
				GCC_WARN_UNDECLARED_SELECTOR = YES;
				GCC_WARN_UNINITIALIZED_AUTOS = YES_AGGRESSIVE;
				GCC_WARN_UNUSED_FUNCTION = YES;
				GCC_WARN_UNUSED_VARIABLE = YES;
				IPHONEOS_DEPLOYMENT_TARGET = 17.5;
				LOCALIZATION_PREFERS_STRING_CATALOGS = YES;
				MTL_ENABLE_DEBUG_INFO = NO;
				MTL_FAST_MATH = YES;
				SDKROOT = iphoneos;
				SWIFT_COMPILATION_MODE = wholemodule;
				VALIDATE_PRODUCT = YES;
			};
			name = Release;
		};
		49B6B06D2C3D64F40031126A /* Debug */ = {
			isa = XCBuildConfiguration;
			buildSettings = {
				ASSETCATALOG_COMPILER_APPICON_NAME = AppIcon;
				ASSETCATALOG_COMPILER_GLOBAL_ACCENT_COLOR_NAME = AccentColor;
				CODE_SIGN_STYLE = Automatic;
				CURRENT_PROJECT_VERSION = 1;
				DEVELOPMENT_ASSET_PATHS = "\"SlotMachineSwiftUI/Preview Content\"";
				DEVELOPMENT_TEAM = 8X338Z9W2W;
				ENABLE_PREVIEWS = YES;
				GENERATE_INFOPLIST_FILE = YES;
				INFOPLIST_FILE = SlotMachineSwiftUI/Info.plist;
				INFOPLIST_KEY_UIApplicationSceneManifest_Generation = YES;
				INFOPLIST_KEY_UIApplicationSupportsIndirectInputEvents = YES;
				INFOPLIST_KEY_UISupportedInterfaceOrientations_iPad = "UIInterfaceOrientationPortrait UIInterfaceOrientationPortraitUpsideDown UIInterfaceOrientationLandscapeLeft UIInterfaceOrientationLandscapeRight";
				INFOPLIST_KEY_UISupportedInterfaceOrientations_iPhone = "UIInterfaceOrientationPortrait UIInterfaceOrientationLandscapeLeft UIInterfaceOrientationLandscapeRight";
				LD_RUNPATH_SEARCH_PATHS = (
					"$(inherited)",
					"@executable_path/Frameworks",
				);
				MARKETING_VERSION = 1.0;
				PRODUCT_BUNDLE_IDENTIFIER = com.khavi.SlotMachineSwiftUI;
				PRODUCT_NAME = "$(TARGET_NAME)";
				SWIFT_EMIT_LOC_STRINGS = YES;
				SWIFT_VERSION = 5.0;
				TARGETED_DEVICE_FAMILY = "1,2";
			};
			name = Debug;
		};
		49B6B06E2C3D64F40031126A /* Release */ = {
			isa = XCBuildConfiguration;
			buildSettings = {
				ASSETCATALOG_COMPILER_APPICON_NAME = AppIcon;
				ASSETCATALOG_COMPILER_GLOBAL_ACCENT_COLOR_NAME = AccentColor;
				CODE_SIGN_STYLE = Automatic;
				CURRENT_PROJECT_VERSION = 1;
				DEVELOPMENT_ASSET_PATHS = "\"SlotMachineSwiftUI/Preview Content\"";
				DEVELOPMENT_TEAM = 8X338Z9W2W;
				ENABLE_PREVIEWS = YES;
				GENERATE_INFOPLIST_FILE = YES;
				INFOPLIST_FILE = SlotMachineSwiftUI/Info.plist;
				INFOPLIST_KEY_UIApplicationSceneManifest_Generation = YES;
				INFOPLIST_KEY_UIApplicationSupportsIndirectInputEvents = YES;
				INFOPLIST_KEY_UISupportedInterfaceOrientations_iPad = "UIInterfaceOrientationPortrait UIInterfaceOrientationPortraitUpsideDown UIInterfaceOrientationLandscapeLeft UIInterfaceOrientationLandscapeRight";
				INFOPLIST_KEY_UISupportedInterfaceOrientations_iPhone = "UIInterfaceOrientationPortrait UIInterfaceOrientationLandscapeLeft UIInterfaceOrientationLandscapeRight";
				LD_RUNPATH_SEARCH_PATHS = (
					"$(inherited)",
					"@executable_path/Frameworks",
				);
				MARKETING_VERSION = 1.0;
				PRODUCT_BUNDLE_IDENTIFIER = com.khavi.SlotMachineSwiftUI;
				PRODUCT_NAME = "$(TARGET_NAME)";
				SWIFT_EMIT_LOC_STRINGS = YES;
				SWIFT_VERSION = 5.0;
				TARGETED_DEVICE_FAMILY = "1,2";
			};
			name = Release;
		};
/* End XCBuildConfiguration section */

/* Begin XCConfigurationList section */
		49B6B0592C3D64F30031126A /* Build configuration list for PBXProject "SlotMachineSwiftUI" */ = {
			isa = XCConfigurationList;
			buildConfigurations = (
				49B6B06A2C3D64F40031126A /* Debug */,
				49B6B06B2C3D64F40031126A /* Release */,
			);
			defaultConfigurationIsVisible = 0;
			defaultConfigurationName = Release;
		};
		49B6B06C2C3D64F40031126A /* Build configuration list for PBXNativeTarget "SlotMachineSwiftUI" */ = {
			isa = XCConfigurationList;
			buildConfigurations = (
				49B6B06D2C3D64F40031126A /* Debug */,
				49B6B06E2C3D64F40031126A /* Release */,
			);
			defaultConfigurationIsVisible = 0;
			defaultConfigurationName = Release;
		};
/* End XCConfigurationList section */
	};
	rootObject = 49B6B0562C3D64F30031126A /* Project object */;
}
